
Microsoft Visual Studio Solution File, Format Version 12.00
# Visual Studio Version 16
VisualStudioVersion = 16.0.29806.167
MinimumVisualStudioVersion = 10.0.40219.1
Project("{8BC9CEB8-8B4A-11D0-8D11-00A0C91BC942}") = "PVX_General", "src\PVX_General\PVX_General.vcxproj", "{3B243D7C-B09A-488E-B957-489794DC689F}"
EndProject
Project("{8BC9CEB8-8B4A-11D0-8D11-00A0C91BC942}") = "PVX_DeepNeuralNetsCPU", "src\PVX_DeepNeuralNetsCPU\PVX_DeepNeuralNetsCPU.vcxproj", "{E040AB61-45D6-4A5C-A197-8C4739748411}"
EndProject
Project("{8BC9CEB8-8B4A-11D0-8D11-00A0C91BC942}") = "PVX_Network", "src\PVX_Network\PVX_Network.vcxproj", "{6388E6D9-12CD-40E8-ACFD-BBCDCEFCFF31}"
EndProject
Project("{8BC9CEB8-8B4A-11D0-8D11-00A0C91BC942}") = "PVX_ObjectLoader", "src\PVX_ObjectLoader\PVX_ObjectLoader.vcxproj", "{F509FB51-C91C-489D-BFAC-71D54D6A4D4E}"
EndProject
Project("{8BC9CEB8-8B4A-11D0-8D11-00A0C91BC942}") = "PVX_OpenAL", "src\PVX_OpenAL\PVX_OpenAL.vcxproj", "{A40E8C0C-11C1-4E6E-AC45-E27328F774CB}"
EndProject
Project("{8BC9CEB8-8B4A-11D0-8D11-00A0C91BC942}") = "PVX_OpenGL", "src\PVX_OpenGL\PVX_OpenGL.vcxproj", "{CBD7337D-E6B2-4A56-BE02-456A117F4D98}"
EndProject
Project("{8BC9CEB8-8B4A-11D0-8D11-00A0C91BC942}") = "PVX_Windows", "src\PVX_Windows\PVX_Windows.vcxproj", "{3F0CA9E4-B13C-4CBB-89C6-92CDEE59C505}"
EndProject
Project("{8BC9CEB8-8B4A-11D0-8D11-00A0C91BC942}") = "PVX_ffMPEG", "src\PVX_ffMPEG\PVX_AudioVideo.vcxproj", "{B17AB0D0-13DE-4A5F-B6CD-5A613D3FF3D2}"
EndProject
Project("{8BC9CEB8-8B4A-11D0-8D11-00A0C91BC942}") = "PVX_Solvers", "src\PVX_Solvers\PVX_Solvers.vcxproj", "{3FF6EF93-0C7C-42C8-BD31-620DB83D7B53}"
EndProject
Project("{8BC9CEB8-8B4A-11D0-8D11-00A0C91BC942}") = "PVX_Mongo", "src\PVX_Mongo\PVX_Mongo.vcxproj", "{250A7CAE-C500-4CA8-9817-19DE90CD2820}"
EndProject
Project("{8BC9CEB8-8B4A-11D0-8D11-00A0C91BC942}") = "PVX_OpenCL", "src\PVX_OpenCL\PVX_OpenCL.vcxproj", "{E7EA49F9-BC89-49A2-9A6E-418E54AA647F}"
EndProject
Project("{8BC9CEB8-8B4A-11D0-8D11-00A0C91BC942}") = "PVX_DeepNeuralNetsCL", "src\PVX_DeepNeuralNetsCL\PVX_DeepNeuralNetsCL.vcxproj", "{D321F1C8-7BA2-442C-96AA-DDD122A8A189}"
EndProject
Project("{8BC9CEB8-8B4A-11D0-8D11-00A0C91BC942}") = "PVX_MSSQL", "src\PVX_MSSQL\PVX_MSSQL.vcxproj", "{97A0AF65-8D3B-4FFD-8D10-766DA0BDF894}"
EndProject
Project("{8BC9CEB8-8B4A-11D0-8D11-00A0C91BC942}") = "PVX_OpenSSL", "src\PVX_OpenSSL\PVX_OpenSSL.vcxproj", "{76BB5E1C-7B8D-44F1-B2A9-1194F75852B3}"
EndProject
Project("{2150E333-8FDC-42A3-9474-1A3956D46DE8}") = "TestProjects", "TestProjects", "{EE0A9A89-4699-468A-9B6D-D9982F72A10F}"
EndProject
Project("{8BC9CEB8-8B4A-11D0-8D11-00A0C91BC942}") = "NetworkTest", "TestProjects\NetworkTest\NetworkTest.vcxproj", "{A3628FCE-C375-437E-8F24-F2A436AFA6E5}"
	ProjectSection(ProjectDependencies) = postProject
		{3B243D7C-B09A-488E-B957-489794DC689F} = {3B243D7C-B09A-488E-B957-489794DC689F}
		{6388E6D9-12CD-40E8-ACFD-BBCDCEFCFF31} = {6388E6D9-12CD-40E8-ACFD-BBCDCEFCFF31}
	EndProjectSection
EndProject
Project("{8BC9CEB8-8B4A-11D0-8D11-00A0C91BC942}") = "NeuralNetCPU", "TestProjects\NeuralNetCPU\NeuralNetCPU.vcxproj", "{78DF4F4A-DD77-40DC-887D-4F5BFE9425C5}"
	ProjectSection(ProjectDependencies) = postProject
		{E040AB61-45D6-4A5C-A197-8C4739748411} = {E040AB61-45D6-4A5C-A197-8C4739748411}
	EndProjectSection
EndProject
Project("{8BC9CEB8-8B4A-11D0-8D11-00A0C91BC942}") = "AudioTest", "TestProjects\AudioTest\AudioTest.vcxproj", "{D2995DE2-3BA8-4847-A3F8-F012FD0904F9}"
	ProjectSection(ProjectDependencies) = postProject
		{A40E8C0C-11C1-4E6E-AC45-E27328F774CB} = {A40E8C0C-11C1-4E6E-AC45-E27328F774CB}
		{76BB5E1C-7B8D-44F1-B2A9-1194F75852B3} = {76BB5E1C-7B8D-44F1-B2A9-1194F75852B3}
		{3B243D7C-B09A-488E-B957-489794DC689F} = {3B243D7C-B09A-488E-B957-489794DC689F}
		{B17AB0D0-13DE-4A5F-B6CD-5A613D3FF3D2} = {B17AB0D0-13DE-4A5F-B6CD-5A613D3FF3D2}
		{6388E6D9-12CD-40E8-ACFD-BBCDCEFCFF31} = {6388E6D9-12CD-40E8-ACFD-BBCDCEFCFF31}
	EndProjectSection
EndProject
Project("{8BC9CEB8-8B4A-11D0-8D11-00A0C91BC942}") = "PVX_OpenGL_Helpers", "src\PVX_OpenGL_Helpers\PVX_OpenGL_Helpers.vcxproj", "{1C140DDF-A519-4198-B557-9BF1B76BB9A4}"
EndProject
Project("{8BC9CEB8-8B4A-11D0-8D11-00A0C91BC942}") = "Fbx", "TestProjects\Fbx\Fbx.vcxproj", "{1DCFA2AC-50F4-42F0-BF87-CB3AE2683B76}"
	ProjectSection(ProjectDependencies) = postProject
		{F509FB51-C91C-489D-BFAC-71D54D6A4D4E} = {F509FB51-C91C-489D-BFAC-71D54D6A4D4E}
		{3B243D7C-B09A-488E-B957-489794DC689F} = {3B243D7C-B09A-488E-B957-489794DC689F}
		{CBD7337D-E6B2-4A56-BE02-456A117F4D98} = {CBD7337D-E6B2-4A56-BE02-456A117F4D98}
		{1C140DDF-A519-4198-B557-9BF1B76BB9A4} = {1C140DDF-A519-4198-B557-9BF1B76BB9A4}
		{3F0CA9E4-B13C-4CBB-89C6-92CDEE59C505} = {3F0CA9E4-B13C-4CBB-89C6-92CDEE59C505}
	EndProjectSection
EndProject
Project("{8BC9CEB8-8B4A-11D0-8D11-00A0C91BC942}") = "VulkanTest", "TestProjects\VulkanTest\VulkanTest.vcxproj", "{89CA2138-A47F-40A8-903E-20CF372A340A}"
	ProjectSection(ProjectDependencies) = postProject
		{3B243D7C-B09A-488E-B957-489794DC689F} = {3B243D7C-B09A-488E-B957-489794DC689F}
		{3F0CA9E4-B13C-4CBB-89C6-92CDEE59C505} = {3F0CA9E4-B13C-4CBB-89C6-92CDEE59C505}
		{E20918F9-ECD5-4754-8676-B6E677088148} = {E20918F9-ECD5-4754-8676-B6E677088148}
	EndProjectSection
EndProject
Project("{8BC9CEB8-8B4A-11D0-8D11-00A0C91BC942}") = "VulkanMeta", "TestProjects\VulkanMeta\VulkanMeta.vcxproj", "{B4B02333-0368-4C83-97DF-E2A448A543B3}"
	ProjectSection(ProjectDependencies) = postProject
		{3B243D7C-B09A-488E-B957-489794DC689F} = {3B243D7C-B09A-488E-B957-489794DC689F}
	EndProjectSection
EndProject
Project("{8BC9CEB8-8B4A-11D0-8D11-00A0C91BC942}") = "PVX_Vulkan", "src\PVX_Vulkan\PVX_Vulkan.vcxproj", "{E20918F9-ECD5-4754-8676-B6E677088148}"
EndProject
Project("{8BC9CEB8-8B4A-11D0-8D11-00A0C91BC942}") = "Walk", "TestProjects\Walk\Walk.vcxproj", "{5AFEA237-453C-4025-B6D3-ED03A8D73238}"
	ProjectSection(ProjectDependencies) = postProject
		{3B243D7C-B09A-488E-B957-489794DC689F} = {3B243D7C-B09A-488E-B957-489794DC689F}
		{CBD7337D-E6B2-4A56-BE02-456A117F4D98} = {CBD7337D-E6B2-4A56-BE02-456A117F4D98}
		{3F0CA9E4-B13C-4CBB-89C6-92CDEE59C505} = {3F0CA9E4-B13C-4CBB-89C6-92CDEE59C505}
	EndProjectSection
EndProject
Project("{8BC9CEB8-8B4A-11D0-8D11-00A0C91BC942}") = "Console", "TestProjects\Console\Console.vcxproj", "{C428C603-BBBC-4D71-9BFA-FBE20120251B}"
EndProject
Global
	GlobalSection(SolutionConfigurationPlatforms) = preSolution
		Debug|x64 = Debug|x64
		Debug|x86 = Debug|x86
		Release|x64 = Release|x64
		Release|x86 = Release|x86
	EndGlobalSection
	GlobalSection(ProjectConfigurationPlatforms) = postSolution
		{3B243D7C-B09A-488E-B957-489794DC689F}.Debug|x64.ActiveCfg = Debug|x64
		{3B243D7C-B09A-488E-B957-489794DC689F}.Debug|x64.Build.0 = Debug|x64
		{3B243D7C-B09A-488E-B957-489794DC689F}.Debug|x86.ActiveCfg = Debug|x64
		{3B243D7C-B09A-488E-B957-489794DC689F}.Release|x64.ActiveCfg = Release|x64
		{3B243D7C-B09A-488E-B957-489794DC689F}.Release|x64.Build.0 = Release|x64
		{3B243D7C-B09A-488E-B957-489794DC689F}.Release|x86.ActiveCfg = Release|x64
		{E040AB61-45D6-4A5C-A197-8C4739748411}.Debug|x64.ActiveCfg = Debug|x64
		{E040AB61-45D6-4A5C-A197-8C4739748411}.Debug|x64.Build.0 = Debug|x64
		{E040AB61-45D6-4A5C-A197-8C4739748411}.Debug|x86.ActiveCfg = Debug|x64
		{E040AB61-45D6-4A5C-A197-8C4739748411}.Release|x64.ActiveCfg = Release|x64
		{E040AB61-45D6-4A5C-A197-8C4739748411}.Release|x64.Build.0 = Release|x64
		{E040AB61-45D6-4A5C-A197-8C4739748411}.Release|x86.ActiveCfg = Release|x64
		{6388E6D9-12CD-40E8-ACFD-BBCDCEFCFF31}.Debug|x64.ActiveCfg = Debug|x64
		{6388E6D9-12CD-40E8-ACFD-BBCDCEFCFF31}.Debug|x64.Build.0 = Debug|x64
		{6388E6D9-12CD-40E8-ACFD-BBCDCEFCFF31}.Debug|x86.ActiveCfg = Debug|x64
		{6388E6D9-12CD-40E8-ACFD-BBCDCEFCFF31}.Release|x64.ActiveCfg = Release|x64
		{6388E6D9-12CD-40E8-ACFD-BBCDCEFCFF31}.Release|x64.Build.0 = Release|x64
		{6388E6D9-12CD-40E8-ACFD-BBCDCEFCFF31}.Release|x86.ActiveCfg = Release|x64
		{F509FB51-C91C-489D-BFAC-71D54D6A4D4E}.Debug|x64.ActiveCfg = Debug|x64
		{F509FB51-C91C-489D-BFAC-71D54D6A4D4E}.Debug|x64.Build.0 = Debug|x64
		{F509FB51-C91C-489D-BFAC-71D54D6A4D4E}.Debug|x86.ActiveCfg = Debug|x64
		{F509FB51-C91C-489D-BFAC-71D54D6A4D4E}.Release|x64.ActiveCfg = Release|x64
		{F509FB51-C91C-489D-BFAC-71D54D6A4D4E}.Release|x64.Build.0 = Release|x64
		{F509FB51-C91C-489D-BFAC-71D54D6A4D4E}.Release|x86.ActiveCfg = Release|x64
		{A40E8C0C-11C1-4E6E-AC45-E27328F774CB}.Debug|x64.ActiveCfg = Debug|x64
		{A40E8C0C-11C1-4E6E-AC45-E27328F774CB}.Debug|x64.Build.0 = Debug|x64
		{A40E8C0C-11C1-4E6E-AC45-E27328F774CB}.Debug|x86.ActiveCfg = Debug|x64
		{A40E8C0C-11C1-4E6E-AC45-E27328F774CB}.Release|x64.ActiveCfg = Release|x64
		{A40E8C0C-11C1-4E6E-AC45-E27328F774CB}.Release|x64.Build.0 = Release|x64
		{A40E8C0C-11C1-4E6E-AC45-E27328F774CB}.Release|x86.ActiveCfg = Release|x64
		{CBD7337D-E6B2-4A56-BE02-456A117F4D98}.Debug|x64.ActiveCfg = Debug|x64
		{CBD7337D-E6B2-4A56-BE02-456A117F4D98}.Debug|x64.Build.0 = Debug|x64
		{CBD7337D-E6B2-4A56-BE02-456A117F4D98}.Debug|x86.ActiveCfg = Debug|x64
		{CBD7337D-E6B2-4A56-BE02-456A117F4D98}.Release|x64.ActiveCfg = Release|x64
		{CBD7337D-E6B2-4A56-BE02-456A117F4D98}.Release|x64.Build.0 = Release|x64
		{CBD7337D-E6B2-4A56-BE02-456A117F4D98}.Release|x86.ActiveCfg = Release|x64
		{3F0CA9E4-B13C-4CBB-89C6-92CDEE59C505}.Debug|x64.ActiveCfg = Debug|x64
		{3F0CA9E4-B13C-4CBB-89C6-92CDEE59C505}.Debug|x64.Build.0 = Debug|x64
		{3F0CA9E4-B13C-4CBB-89C6-92CDEE59C505}.Debug|x86.ActiveCfg = Debug|x64
		{3F0CA9E4-B13C-4CBB-89C6-92CDEE59C505}.Release|x64.ActiveCfg = Release|x64
		{3F0CA9E4-B13C-4CBB-89C6-92CDEE59C505}.Release|x64.Build.0 = Release|x64
		{3F0CA9E4-B13C-4CBB-89C6-92CDEE59C505}.Release|x86.ActiveCfg = Release|x64
		{B17AB0D0-13DE-4A5F-B6CD-5A613D3FF3D2}.Debug|x64.ActiveCfg = Debug|x64
		{B17AB0D0-13DE-4A5F-B6CD-5A613D3FF3D2}.Debug|x64.Build.0 = Debug|x64
		{B17AB0D0-13DE-4A5F-B6CD-5A613D3FF3D2}.Debug|x86.ActiveCfg = Debug|x64
		{B17AB0D0-13DE-4A5F-B6CD-5A613D3FF3D2}.Release|x64.ActiveCfg = Release|x64
		{B17AB0D0-13DE-4A5F-B6CD-5A613D3FF3D2}.Release|x64.Build.0 = Release|x64
		{B17AB0D0-13DE-4A5F-B6CD-5A613D3FF3D2}.Release|x86.ActiveCfg = Release|x64
		{3FF6EF93-0C7C-42C8-BD31-620DB83D7B53}.Debug|x64.ActiveCfg = Debug|x64
		{3FF6EF93-0C7C-42C8-BD31-620DB83D7B53}.Debug|x64.Build.0 = Debug|x64
		{3FF6EF93-0C7C-42C8-BD31-620DB83D7B53}.Debug|x86.ActiveCfg = Debug|x64
		{3FF6EF93-0C7C-42C8-BD31-620DB83D7B53}.Release|x64.ActiveCfg = Release|x64
		{3FF6EF93-0C7C-42C8-BD31-620DB83D7B53}.Release|x64.Build.0 = Release|x64
		{3FF6EF93-0C7C-42C8-BD31-620DB83D7B53}.Release|x86.ActiveCfg = Release|x64
		{250A7CAE-C500-4CA8-9817-19DE90CD2820}.Debug|x64.ActiveCfg = Debug|x64
		{250A7CAE-C500-4CA8-9817-19DE90CD2820}.Debug|x64.Build.0 = Debug|x64
		{250A7CAE-C500-4CA8-9817-19DE90CD2820}.Debug|x86.ActiveCfg = Debug|Win32
		{250A7CAE-C500-4CA8-9817-19DE90CD2820}.Debug|x86.Build.0 = Debug|Win32
		{250A7CAE-C500-4CA8-9817-19DE90CD2820}.Release|x64.ActiveCfg = Release|x64
		{250A7CAE-C500-4CA8-9817-19DE90CD2820}.Release|x64.Build.0 = Release|x64
		{250A7CAE-C500-4CA8-9817-19DE90CD2820}.Release|x86.ActiveCfg = Release|Win32
		{250A7CAE-C500-4CA8-9817-19DE90CD2820}.Release|x86.Build.0 = Release|Win32
		{E7EA49F9-BC89-49A2-9A6E-418E54AA647F}.Debug|x64.ActiveCfg = Debug|x64
		{E7EA49F9-BC89-49A2-9A6E-418E54AA647F}.Debug|x64.Build.0 = Debug|x64
		{E7EA49F9-BC89-49A2-9A6E-418E54AA647F}.Debug|x86.ActiveCfg = Debug|x64
		{E7EA49F9-BC89-49A2-9A6E-418E54AA647F}.Release|x64.ActiveCfg = Release|x64
		{E7EA49F9-BC89-49A2-9A6E-418E54AA647F}.Release|x64.Build.0 = Release|x64
		{E7EA49F9-BC89-49A2-9A6E-418E54AA647F}.Release|x86.ActiveCfg = Release|x64
		{D321F1C8-7BA2-442C-96AA-DDD122A8A189}.Debug|x64.ActiveCfg = Debug|x64
		{D321F1C8-7BA2-442C-96AA-DDD122A8A189}.Debug|x64.Build.0 = Debug|x64
		{D321F1C8-7BA2-442C-96AA-DDD122A8A189}.Debug|x86.ActiveCfg = Debug|x64
		{D321F1C8-7BA2-442C-96AA-DDD122A8A189}.Release|x64.ActiveCfg = Release|x64
		{D321F1C8-7BA2-442C-96AA-DDD122A8A189}.Release|x64.Build.0 = Release|x64
		{D321F1C8-7BA2-442C-96AA-DDD122A8A189}.Release|x86.ActiveCfg = Release|x64
		{97A0AF65-8D3B-4FFD-8D10-766DA0BDF894}.Debug|x64.ActiveCfg = Debug|x64
		{97A0AF65-8D3B-4FFD-8D10-766DA0BDF894}.Debug|x64.Build.0 = Debug|x64
		{97A0AF65-8D3B-4FFD-8D10-766DA0BDF894}.Debug|x86.ActiveCfg = Debug|x64
		{97A0AF65-8D3B-4FFD-8D10-766DA0BDF894}.Release|x64.ActiveCfg = Release|x64
		{97A0AF65-8D3B-4FFD-8D10-766DA0BDF894}.Release|x64.Build.0 = Release|x64
		{97A0AF65-8D3B-4FFD-8D10-766DA0BDF894}.Release|x86.ActiveCfg = Release|x64
		{76BB5E1C-7B8D-44F1-B2A9-1194F75852B3}.Debug|x64.ActiveCfg = Debug|x64
		{76BB5E1C-7B8D-44F1-B2A9-1194F75852B3}.Debug|x64.Build.0 = Debug|x64
		{76BB5E1C-7B8D-44F1-B2A9-1194F75852B3}.Debug|x86.ActiveCfg = Debug|x64
		{76BB5E1C-7B8D-44F1-B2A9-1194F75852B3}.Release|x64.ActiveCfg = Release|x64
		{76BB5E1C-7B8D-44F1-B2A9-1194F75852B3}.Release|x64.Build.0 = Release|x64
		{76BB5E1C-7B8D-44F1-B2A9-1194F75852B3}.Release|x86.ActiveCfg = Release|x64
		{A3628FCE-C375-437E-8F24-F2A436AFA6E5}.Debug|x64.ActiveCfg = Debug|x64
		{A3628FCE-C375-437E-8F24-F2A436AFA6E5}.Debug|x64.Build.0 = Debug|x64
		{A3628FCE-C375-437E-8F24-F2A436AFA6E5}.Debug|x86.ActiveCfg = Debug|x64
		{A3628FCE-C375-437E-8F24-F2A436AFA6E5}.Release|x64.ActiveCfg = Release|x64
		{A3628FCE-C375-437E-8F24-F2A436AFA6E5}.Release|x64.Build.0 = Release|x64
		{A3628FCE-C375-437E-8F24-F2A436AFA6E5}.Release|x86.ActiveCfg = Release|x64
		{78DF4F4A-DD77-40DC-887D-4F5BFE9425C5}.Debug|x64.ActiveCfg = Debug|x64
		{78DF4F4A-DD77-40DC-887D-4F5BFE9425C5}.Debug|x64.Build.0 = Debug|x64
		{78DF4F4A-DD77-40DC-887D-4F5BFE9425C5}.Debug|x86.ActiveCfg = Debug|x64
		{78DF4F4A-DD77-40DC-887D-4F5BFE9425C5}.Release|x64.ActiveCfg = Release|x64
		{78DF4F4A-DD77-40DC-887D-4F5BFE9425C5}.Release|x64.Build.0 = Release|x64
		{78DF4F4A-DD77-40DC-887D-4F5BFE9425C5}.Release|x86.ActiveCfg = Release|x64
		{D2995DE2-3BA8-4847-A3F8-F012FD0904F9}.Debug|x64.ActiveCfg = Debug|x64
		{D2995DE2-3BA8-4847-A3F8-F012FD0904F9}.Debug|x64.Build.0 = Debug|x64
		{D2995DE2-3BA8-4847-A3F8-F012FD0904F9}.Debug|x86.ActiveCfg = Debug|x64
		{D2995DE2-3BA8-4847-A3F8-F012FD0904F9}.Release|x64.ActiveCfg = Release|x64
		{D2995DE2-3BA8-4847-A3F8-F012FD0904F9}.Release|x64.Build.0 = Release|x64
		{D2995DE2-3BA8-4847-A3F8-F012FD0904F9}.Release|x86.ActiveCfg = Release|x64
		{1C140DDF-A519-4198-B557-9BF1B76BB9A4}.Debug|x64.ActiveCfg = Debug|x64
		{1C140DDF-A519-4198-B557-9BF1B76BB9A4}.Debug|x64.Build.0 = Debug|x64
		{1C140DDF-A519-4198-B557-9BF1B76BB9A4}.Debug|x86.ActiveCfg = Debug|x64
		{1C140DDF-A519-4198-B557-9BF1B76BB9A4}.Release|x64.ActiveCfg = Release|x64
		{1C140DDF-A519-4198-B557-9BF1B76BB9A4}.Release|x64.Build.0 = Release|x64
		{1C140DDF-A519-4198-B557-9BF1B76BB9A4}.Release|x86.ActiveCfg = Release|x64
		{1DCFA2AC-50F4-42F0-BF87-CB3AE2683B76}.Debug|x64.ActiveCfg = Debug|x64
		{1DCFA2AC-50F4-42F0-BF87-CB3AE2683B76}.Debug|x64.Build.0 = Debug|x64
		{1DCFA2AC-50F4-42F0-BF87-CB3AE2683B76}.Debug|x86.ActiveCfg = Debug|Win32
		{1DCFA2AC-50F4-42F0-BF87-CB3AE2683B76}.Debug|x86.Build.0 = Debug|Win32
		{1DCFA2AC-50F4-42F0-BF87-CB3AE2683B76}.Release|x64.ActiveCfg = Release|x64
		{1DCFA2AC-50F4-42F0-BF87-CB3AE2683B76}.Release|x64.Build.0 = Release|x64
		{1DCFA2AC-50F4-42F0-BF87-CB3AE2683B76}.Release|x86.ActiveCfg = Release|Win32
		{1DCFA2AC-50F4-42F0-BF87-CB3AE2683B76}.Release|x86.Build.0 = Release|Win32
		{89CA2138-A47F-40A8-903E-20CF372A340A}.Debug|x64.ActiveCfg = Debug|x64
		{89CA2138-A47F-40A8-903E-20CF372A340A}.Debug|x64.Build.0 = Debug|x64
		{89CA2138-A47F-40A8-903E-20CF372A340A}.Debug|x86.ActiveCfg = Debug|x64
		{89CA2138-A47F-40A8-903E-20CF372A340A}.Release|x64.ActiveCfg = Release|x64
		{89CA2138-A47F-40A8-903E-20CF372A340A}.Release|x64.Build.0 = Release|x64
		{89CA2138-A47F-40A8-903E-20CF372A340A}.Release|x86.ActiveCfg = Release|x64
		{B4B02333-0368-4C83-97DF-E2A448A543B3}.Debug|x64.ActiveCfg = Debug|x64
		{B4B02333-0368-4C83-97DF-E2A448A543B3}.Debug|x64.Build.0 = Debug|x64
		{B4B02333-0368-4C83-97DF-E2A448A543B3}.Debug|x86.ActiveCfg = Debug|x64
		{B4B02333-0368-4C83-97DF-E2A448A543B3}.Release|x64.ActiveCfg = Release|x64
		{B4B02333-0368-4C83-97DF-E2A448A543B3}.Release|x64.Build.0 = Release|x64
		{B4B02333-0368-4C83-97DF-E2A448A543B3}.Release|x86.ActiveCfg = Release|x64
		{E20918F9-ECD5-4754-8676-B6E677088148}.Debug|x64.ActiveCfg = Debug|x64
		{E20918F9-ECD5-4754-8676-B6E677088148}.Debug|x64.Build.0 = Debug|x64
		{E20918F9-ECD5-4754-8676-B6E677088148}.Debug|x86.ActiveCfg = Debug|x64
		{E20918F9-ECD5-4754-8676-B6E677088148}.Release|x64.ActiveCfg = Release|x64
		{E20918F9-ECD5-4754-8676-B6E677088148}.Release|x64.Build.0 = Release|x64
		{E20918F9-ECD5-4754-8676-B6E677088148}.Release|x86.ActiveCfg = Release|x64
		{5AFEA237-453C-4025-B6D3-ED03A8D73238}.Debug|x64.ActiveCfg = Debug|x64
		{5AFEA237-453C-4025-B6D3-ED03A8D73238}.Debug|x64.Build.0 = Debug|x64
		{5AFEA237-453C-4025-B6D3-ED03A8D73238}.Debug|x86.ActiveCfg = Debug|x64
		{5AFEA237-453C-4025-B6D3-ED03A8D73238}.Release|x64.ActiveCfg = Release|x64
		{5AFEA237-453C-4025-B6D3-ED03A8D73238}.Release|x64.Build.0 = Release|x64
		{5AFEA237-453C-4025-B6D3-ED03A8D73238}.Release|x86.ActiveCfg = Release|x64
		{C428C603-BBBC-4D71-9BFA-FBE20120251B}.Debug|x64.ActiveCfg = Debug|x64
		{C428C603-BBBC-4D71-9BFA-FBE20120251B}.Debug|x64.Build.0 = Debug|x64
		{C428C603-BBBC-4D71-9BFA-FBE20120251B}.Debug|x86.ActiveCfg = Debug|x64
		{C428C603-BBBC-4D71-9BFA-FBE20120251B}.Release|x64.ActiveCfg = Release|x64
		{C428C603-BBBC-4D71-9BFA-FBE20120251B}.Release|x64.Build.0 = Release|x64
		{C428C603-BBBC-4D71-9BFA-FBE20120251B}.Release|x86.ActiveCfg = Release|x64
	EndGlobalSection
	GlobalSection(SolutionProperties) = preSolution
		HideSolutionNode = FALSE
	EndGlobalSection
	GlobalSection(NestedProjects) = preSolution
		{A3628FCE-C375-437E-8F24-F2A436AFA6E5} = {EE0A9A89-4699-468A-9B6D-D9982F72A10F}
		{78DF4F4A-DD77-40DC-887D-4F5BFE9425C5} = {EE0A9A89-4699-468A-9B6D-D9982F72A10F}
		{D2995DE2-3BA8-4847-A3F8-F012FD0904F9} = {EE0A9A89-4699-468A-9B6D-D9982F72A10F}
		{1DCFA2AC-50F4-42F0-BF87-CB3AE2683B76} = {EE0A9A89-4699-468A-9B6D-D9982F72A10F}
		{89CA2138-A47F-40A8-903E-20CF372A340A} = {EE0A9A89-4699-468A-9B6D-D9982F72A10F}
		{B4B02333-0368-4C83-97DF-E2A448A543B3} = {EE0A9A89-4699-468A-9B6D-D9982F72A10F}
		{5AFEA237-453C-4025-B6D3-ED03A8D73238} = {EE0A9A89-4699-468A-9B6D-D9982F72A10F}
		{C428C603-BBBC-4D71-9BFA-FBE20120251B} = {EE0A9A89-4699-468A-9B6D-D9982F72A10F}
	EndGlobalSection
	GlobalSection(ExtensibilityGlobals) = postSolution
		SolutionGuid = {849EF270-398B-4B13-9AA7-10D8715AC202}
	EndGlobalSection
EndGlobal
