<?xml version="1.0" encoding="utf-8"?>
<Project ToolsVersion="4.0" xmlns="http://schemas.microsoft.com/developer/msbuild/2003">
  <ItemGroup>
    <Filter Include="Source Files">
      <UniqueIdentifier>{4FC737F1-C7A5-4376-A066-2A32D752A2FF}</UniqueIdentifier>
      <Extensions>cpp;c;cc;cxx;def;odl;idl;hpj;bat;asm;asmx</Extensions>
    </Filter>
    <Filter Include="Header Files">
      <UniqueIdentifier>{93995380-89BD-4b04-88EB-625FBE52EBFB}</UniqueIdentifier>
      <Extensions>h;hh;hpp;hxx;hm;inl;inc;ipp;xsd</Extensions>
    </Filter>
    <Filter Include="Resource Files">
      <UniqueIdentifier>{67DA6AB6-F800-4c08-8B7A-83BB121AAD01}</UniqueIdentifier>
      <Extensions>rc;ico;cur;bmp;dlg;rc2;rct;bin;rgs;gif;jpg;jpeg;jpe;resx;tiff;tif;png;wav;mfcribbon-ms</Extensions>
    </Filter>
  </ItemGroup>
  <ItemGroup>
    <ClCompile Include="PVX_BinSaver.cpp">
      <Filter>Source Files</Filter>
    </ClCompile>
    <ClCompile Include="PVX_Deflate.cpp">
      <Filter>Source Files</Filter>
    </ClCompile>
    <ClCompile Include="PVX_Encode.cpp">
      <Filter>Source Files</Filter>
    </ClCompile>
    <ClCompile Include="PVX_Encrypt.cpp">
      <Filter>Source Files</Filter>
    </ClCompile>
    <ClCompile Include="PVX_File.cpp">
      <Filter>Source Files</Filter>
    </ClCompile>
    <ClCompile Include="PVX_Image.cpp">
      <Filter>Source Files</Filter>
    </ClCompile>
    <ClCompile Include="PVX_json.cpp">
      <Filter>Source Files</Filter>
    </ClCompile>
    <ClCompile Include="PVX_String.cpp">
      <Filter>Source Files</Filter>
    </ClCompile>
    <ClCompile Include="PVX_Threading.cpp">
      <Filter>Source Files</Filter>
    </ClCompile>
    <ClCompile Include="PVX_XML.cpp">
      <Filter>Source Files</Filter>
    </ClCompile>
    <ClCompile Include="PVX_Kinect.cpp">
      <Filter>Source Files</Filter>
    </ClCompile>
    <ClCompile Include="stb_implementation.cpp">
      <Filter>Source Files</Filter>
    </ClCompile>
    <ClCompile Include="stb_implementation_raw.cpp">
      <Filter>Source Files</Filter>
    </ClCompile>
    <ClCompile Include="PVX_ImageRaw.cpp">
      <Filter>Source Files</Filter>
    </ClCompile>
    <ClCompile Include="PVX_File_Windows.cpp">
      <Filter>Source Files</Filter>
    </ClCompile>
  </ItemGroup>
  <ItemGroup>
    <ClInclude Include="..\..\include\PVX_BinSaver.h">
      <Filter>Header Files</Filter>
    </ClInclude>
    <ClInclude Include="..\..\include\PVX_Deflate.h">
      <Filter>Header Files</Filter>
    </ClInclude>
    <ClInclude Include="..\..\include\PVX_Encode.h">
      <Filter>Header Files</Filter>
    </ClInclude>
    <ClInclude Include="..\..\include\PVX_Encrypt.h">
      <Filter>Header Files</Filter>
    </ClInclude>
    <ClInclude Include="..\..\include\PVX_File.h">
      <Filter>Header Files</Filter>
    </ClInclude>
    <ClInclude Include="..\..\include\PVX_Image.h">
      <Filter>Header Files</Filter>
    </ClInclude>
    <ClInclude Include="..\..\include\PVX_json.h">
      <Filter>Header Files</Filter>
    </ClInclude>
    <ClInclude Include="..\..\include\PVX_String.h">
      <Filter>Header Files</Filter>
    </ClInclude>
    <ClInclude Include="..\..\include\PVX_Threading.h">
      <Filter>Header Files</Filter>
    </ClInclude>
    <ClInclude Include="..\..\include\PVX_XML.h">
      <Filter>Header Files</Filter>
    </ClInclude>
    <ClInclude Include="..\..\include\PVX_Compiler.h">
      <Filter>Header Files</Filter>
    </ClInclude>
    <ClInclude Include="..\..\include\PVX_Regex.h">
      <Filter>Header Files</Filter>
    </ClInclude>
    <ClInclude Include="..\..\include\PVX_Math3D.h">
      <Filter>Header Files</Filter>
    </ClInclude>
  </ItemGroup>
  <ItemGroup>
    <None Include="..\..\include\MemoryLeak.inl">
      <Filter>Header Files</Filter>
    </None>
    <None Include="..\..\include\PVX.inl">
      <Filter>Header Files</Filter>
    </None>
  </ItemGroup>
</Project>